// !$*UTF8*$!
{
	archiveVersion = 1;
	classes = {
	};
	objectVersion = 46;
	objects = {

/* Begin PBXBuildFile section */
		BC50065F1DAC7812007E3EE7 /* AppDelegate.swift in Sources */ = {isa = PBXBuildFile; fileRef = BC50065E1DAC7812007E3EE7 /* AppDelegate.swift */; };
		BC5006611DAC7812007E3EE7 /* ViewController.swift in Sources */ = {isa = PBXBuildFile; fileRef = BC5006601DAC7812007E3EE7 /* ViewController.swift */; };
		BC5006641DAC7812007E3EE7 /* Main.storyboard in Resources */ = {isa = PBXBuildFile; fileRef = BC5006621DAC7812007E3EE7 /* Main.storyboard */; };
		BC5006661DAC7812007E3EE7 /* Assets.xcassets in Resources */ = {isa = PBXBuildFile; fileRef = BC5006651DAC7812007E3EE7 /* Assets.xcassets */; };
		BC5006691DAC7812007E3EE7 /* LaunchScreen.storyboard in Resources */ = {isa = PBXBuildFile; fileRef = BC5006671DAC7812007E3EE7 /* LaunchScreen.storyboard */; };
/* End PBXBuildFile section */

/* Begin PBXFileReference section */
		BC50065B1DAC7812007E3EE7 /* Codeshara.app */ = {isa = PBXFileReference; explicitFileType = wrapper.application; includeInIndex = 0; path = Codeshara.app; sourceTree = BUILT_PRODUCTS_DIR; };
		BC50065E1DAC7812007E3EE7 /* AppDelegate.swift */ = {isa = PBXFileReference; lastKnownFileType = sourcecode.swift; path = AppDelegate.swift; sourceTree = "<group>"; };
		BC5006601DAC7812007E3EE7 /* ViewController.swift */ = {isa = PBXFileReference; lastKnownFileType = sourcecode.swift; path = ViewController.swift; sourceTree = "<group>"; };
		BC5006631DAC7812007E3EE7 /* Base */ = {isa = PBXFileReference; lastKnownFileType = file.storyboard; name = Base; path = Base.lproj/Main.storyboard; sourceTree = "<group>"; };
		BC5006651DAC7812007E3EE7 /* Assets.xcassets */ = {isa = PBXFileReference; lastKnownFileType = folder.assetcatalog; path = Assets.xcassets; sourceTree = "<group>"; };
		BC5006681DAC7812007E3EE7 /* Base */ = {isa = PBXFileReference; lastKnownFileType = file.storyboard; name = Base; path = Base.lproj/LaunchScreen.storyboard; sourceTree = "<group>"; };
		BC50066A1DAC7812007E3EE7 /* Info.plist */ = {isa = PBXFileReference; lastKnownFileType = text.plist.xml; path = Info.plist; sourceTree = "<group>"; };
/* End PBXFileReference section */

/* Begin PBXFrameworksBuildPhase section */
		BC5006581DAC7812007E3EE7 /* Frameworks */ = {
			isa = PBXFrameworksBuildPhase;
			buildActionMask = 2147483647;
			files = (
			);
			runOnlyForDeploymentPostprocessing = 0;
		};
/* End PBXFrameworksBuildPhase section */

/* Begin PBXGroup section */
		BC5006521DAC7811007E3EE7 = {
			isa = PBXGroup;
			children = (
				BC50065D1DAC7812007E3EE7 /* Codeshara */,
				BC50065C1DAC7812007E3EE7 /* Products */,
			);
			sourceTree = "<group>";
		};
		BC50065C1DAC7812007E3EE7 /* Products */ = {
			isa = PBXGroup;
			children = (
				BC50065B1DAC7812007E3EE7 /* Codeshara.app */,
			);
			name = Products;
			sourceTree = "<group>";
		};
		BC50065D1DAC7812007E3EE7 /* Codeshara */ = {
			isa = PBXGroup;
			children = (
				BC50065E1DAC7812007E3EE7 /* AppDelegate.swift */,
				BC5006601DAC7812007E3EE7 /* ViewController.swift */,
				BC5006621DAC7812007E3EE7 /* Main.storyboard */,
				BC5006651DAC7812007E3EE7 /* Assets.xcassets */,
				BC5006671DAC7812007E3EE7 /* LaunchScreen.storyboard */,
				BC50066A1DAC7812007E3EE7 /* Info.plist */,
			);
			path = Codeshara;
			sourceTree = "<group>";
		};
/* End PBXGroup section */

/* Begin PBXNativeTarget section */
		BC50065A1DAC7812007E3EE7 /* Codeshara */ = {
			isa = PBXNativeTarget;
			buildConfigurationList = BC50066D1DAC7812007E3EE7 /* Build configuration list for PBXNativeTarget "Codeshara" */;
			buildPhases = (
				BC5006571DAC7812007E3EE7 /* Sources */,
				BC5006581DAC7812007E3EE7 /* Frameworks */,
				BC5006591DAC7812007E3EE7 /* Resources */,
			);
			buildRules = (
			);
			dependencies = (
			);
			name = Codeshara;
			productName = Codeshara;
			productReference = BC50065B1DAC7812007E3EE7 /* Codeshara.app */;
			productType = "com.apple.product-type.application";
		};
/* End PBXNativeTarget section */

/* Begin PBXProject section */
		BC5006531DAC7812007E3EE7 /* Project object */ = {
			isa = PBXProject;
			attributes = {
				LastSwiftUpdateCheck = 0730;
				LastUpgradeCheck = 0730;
				ORGANIZATIONNAME = wengqiang;
				TargetAttributes = {
					BC50065A1DAC7812007E3EE7 = {
						CreatedOnToolsVersion = 7.3.1;
					};
				};
			};
			buildConfigurationList = BC5006561DAC7812007E3EE7 /* Build configuration list for PBXProject "Codeshara" */;
			compatibilityVersion = "Xcode 3.2";
			developmentRegion = English;
			hasScannedForEncodings = 0;
			knownRegions = (
				en,
				Base,
			);
			mainGroup = BC5006521DAC7811007E3EE7;
			productRefGroup = BC50065C1DAC7812007E3EE7 /* Products */;
			projectDirPath = "";
			projectRoot = "";
			targets = (
				BC50065A1DAC7812007E3EE7 /* Codeshara */,
			);
		};
/* End PBXProject section */

/* Begin PBXResourcesBuildPhase section */
		BC5006591DAC7812007E3EE7 /* Resources */ = {
			isa = PBXResourcesBuildPhase;
			buildActionMask = 2147483647;
			files = (
				BC5006691DAC7812007E3EE7 /* LaunchScreen.storyboard in Resources */,
				BC5006661DAC7812007E3EE7 /* Assets.xcassets in Resources */,
				BC5006641DAC7812007E3EE7 /* Main.storyboard in Resources */,
			);
			runOnlyForDeploymentPostprocessing = 0;
		};
/* End PBXResourcesBuildPhase section */

/* Begin PBXSourcesBuildPhase section */
		BC5006571DAC7812007E3EE7 /* Sources */ = {
			isa = PBXSourcesBuildPhase;
			buildActionMask = 2147483647;
			files = (
				BC5006611DAC7812007E3EE7 /* ViewController.swift in Sources */,
				BC50065F1DAC7812007E3EE7 /* AppDelegate.swift in Sources */,
			);
			runOnlyForDeploymentPostprocessing = 0;
		};
/* End PBXSourcesBuildPhase section */

/* Begin PBXVariantGroup section */
		BC5006621DAC7812007E3EE7 /* Main.storyboard */ = {
			isa = PBXVariantGroup;
			children = (
				BC5006631DAC7812007E3EE7 /* Base */,
			);
			name = Main.storyboard;
			sourceTree = "<group>";
		};
		BC5006671DAC7812007E3EE7 /* LaunchScreen.storyboard */ = {
			isa = PBXVariantGroup;
			children = (
				BC5006681DAC7812007E3EE7 /* Base */,
			);
			name = LaunchScreen.storyboard;
			sourceTree = "<group>";
		};
/* End PBXVariantGroup section */

/* Begin XCBuildConfiguration section */
		BC50066B1DAC7812007E3EE7 /* Debug */ = {
			isa = XCBuildConfiguration;
			buildSettings = {
				ALWAYS_SEARCH_USER_PATHS = NO;
				CLANG_ANALYZER_NONNULL = YES;
				CLANG_CXX_LANGUAGE_STANDARD = "gnu++0x";
				CLANG_CXX_LIBRARY = "libc++";
				CLANG_ENABLE_MODULES = YES;
				CLANG_ENABLE_OBJC_ARC = YES;
				CLANG_WARN_BOOL_CONVERSION = YES;
				CLANG_WARN_CONSTANT_CONVERSION = YES;
				CLANG_WARN_DIRECT_OBJC_ISA_USAGE = YES_ERROR;
				CLANG_WARN_EMPTY_BODY = YES;
				CLANG_WARN_ENUM_CONVERSION = YES;
				CLANG_WARN_INT_CONVERSION = YES;
				CLANG_WARN_OBJC_ROOT_CLASS = YES_ERROR;
				CLANG_WARN_UNREACHABLE_CODE = YES;
				CLANG_WARN__DUPLICATE_METHOD_MATCH = YES;
				"CODE_SIGN_IDENTITY[sdk=iphoneos*]" = "iPhone Developer";
				COPY_PHASE_STRIP = NO;
				DEBUG_INFORMATION_FORMAT = dwarf;
				ENABLE_STRICT_OBJC_MSGSEND = YES;
				ENABLE_TESTABILITY = YES;
				GCC_C_LANGUAGE_STANDARD = gnu99;
				GCC_DYNAMIC_NO_PIC = NO;
				GCC_NO_COMMON_BLOCKS = YES;
				GCC_OPTIMIZATION_LEVEL = 0;
				GCC_PREPROCESSOR_DEFINITIONS = (
					"DEBUG=1",
					"$(inherited)",
				);
				GCC_WARN_64_TO_32_BIT_CONVERSION = YES;
				GCC_WARN_ABOUT_RETURN_TYPE = YES_ERROR;
				GCC_WARN_UNDECLARED_SELECTOR = YES;
				GCC_WARN_UNINITIALIZED_AUTOS = YES_AGGRESSIVE;
				GCC_WARN_UNUSED_FUNCTION = YES;
				GCC_WARN_UNUSED_VARIABLE = YES;
				IPHONEOS_DEPLOYMENT_TARGET = 9.3;
				MTL_ENABLE_DEBUG_INFO = YES;
				ONLY_ACTIVE_ARCH = YES;
				SDKROOT = iphoneos;
				SWIFT_OPTIMIZATION_LEVEL = "-Onone";
				TARGETED_DEVICE_FAMILY = "1,2";
			};
			name = Debug;
		};
		BC50066C1DAC7812007E3EE7 /* Release */ = {
			isa = XCBuildConfiguration;
			buildSettings = {
				ALWAYS_SEARCH_USER_PATHS = NO;
				CLANG_ANALYZER_NONNULL = YES;
				CLANG_CXX_LANGUAGE_STANDARD = "gnu++0x";
				CLANG_CXX_LIBRARY = "libc++";
				CLANG_ENABLE_MODULES = YES;
				CLANG_ENABLE_OBJC_ARC = YES;
				CLANG_WARN_BOOL_CONVERSION = YES;
				CLANG_WARN_CONSTANT_CONVERSION = YES;
				CLANG_WARN_DIRECT_OBJC_ISA_USAGE = YES_ERROR;
				CLANG_WARN_EMPTY_BODY = YES;
				CLANG_WARN_ENUM_CONVERSION = YES;
				CLANG_WARN_INT_CONVERSION = YES;
				CLANG_WARN_OBJC_ROOT_CLASS = YES_ERROR;
				CLANG_WARN_UNREACHABLE_CODE = YES;
				CLANG_WARN__DUPLICATE_METHOD_MATCH = YES;
				"CODE_SIGN_IDENTITY[sdk=iphoneos*]" = "iPhone Developer";
				COPY_PHASE_STRIP = NO;
				DEBUG_INFORMATION_FORMAT = "dwarf-with-dsym";
				ENABLE_NS_ASSERTIONS = NO;
				ENABLE_STRICT_OBJC_MSGSEND = YES;
				GCC_C_LANGUAGE_STANDARD = gnu99;
				GCC_NO_COMMON_BLOCKS = YES;
				GCC_WARN_64_TO_32_BIT_CONVERSION = YES;
				GCC_WARN_ABOUT_RETURN_TYPE = YES_ERROR;
				GCC_WARN_UNDECLARED_SELECTOR = YES;
				GCC_WARN_UNINITIALIZED_AUTOS = YES_AGGRESSIVE;
				GCC_WARN_UNUSED_FUNCTION = YES;
				GCC_WARN_UNUSED_VARIABLE = YES;
				IPHONEOS_DEPLOYMENT_TARGET = 9.3;
				MTL_ENABLE_DEBUG_INFO = NO;
				SDKROOT = iphoneos;
				TARGETED_DEVICE_FAMILY = "1,2";
				VALIDATE_PRODUCT = YES;
			};
			name = Release;
		};
		BC50066E1DAC7812007E3EE7 /* Debug */ = {
			isa = XCBuildConfiguration;
			buildSettings = {
				ASSETCATALOG_COMPILER_APPICON_NAME = AppIcon;
				INFOPLIST_FILE = Codeshara/Info.plist;
				LD_RUNPATH_SEARCH_PATHS = "$(inherited) @executable_path/Frameworks";
				PRODUCT_BUNDLE_IDENTIFIER = qianfeng.Codeshara;
				PRODUCT_NAME = "$(TARGET_NAME)";
			};
			name = Debug;
		};
		BC50066F1DAC7812007E3EE7 /* Release */ = {
			isa = XCBuildConfiguration;
			buildSettings = {
				ASSETCATALOG_COMPILER_APPICON_NAME = AppIcon;
				INFOPLIST_FILE = Codeshara/Info.plist;
				LD_RUNPATH_SEARCH_PATHS = "$(inherited) @executable_path/Frameworks";
				PRODUCT_BUNDLE_IDENTIFIER = qianfeng.Codeshara;
				PRODUCT_NAME = "$(TARGET_NAME)";
			};
			name = Release;
		};
/* End XCBuildConfiguration section */

/* Begin XCConfigurationList section */
		BC5006561DAC7812007E3EE7 /* Build configuration list for PBXProject "Codeshara" */ = {
			isa = XCConfigurationList;
			buildConfigurations = (
				BC50066B1DAC7812007E3EE7 /* Debug */,
				BC50066C1DAC7812007E3EE7 /* Release */,
			);
			defaultConfigurationIsVisible = 0;
			defaultConfigurationName = Release;
		};
		BC50066D1DAC7812007E3EE7 /* Build configuration list for PBXNativeTarget "Codeshara" */ = {
			isa = XCConfigurationList;
			buildConfigurations = (
				BC50066E1DAC7812007E3EE7 /* Debug */,
				BC50066F1DAC7812007E3EE7 /* Release */,
			);
			defaultConfigurationIsVisible = 0;
		};
/* End XCConfigurationList section */
	};
	rootObject = BC5006531DAC7812007E3EE7 /* Project object */;
}
